
Microsoft Visual Studio Solution File, Format Version 12.00
# Visual Studio Version 17
VisualStudioVersion = 17.13.35919.96 d17.13
MinimumVisualStudioVersion = 10.0.40219.1
Project("{FAE04EC0-301F-11D3-BF4B-00C04F79EFBC}") = "API", "API\API.csproj", "{DBA98C48-D8C7-48AF-8E35-53A59DC17C66}"
EndProject
Project("{FAE04EC0-301F-11D3-BF4B-00C04F79EFBC}") = "Domain", "Domain\Domain.csproj", "{2106C347-5066-4248-BCCC-E11EFA64DF9D}"
EndProject
Project("{FAE04EC0-301F-11D3-BF4B-00C04F79EFBC}") = "Persistence", "Persistence\Persistence.csproj", "{A03D9BBF-259F-4FE6-A3CA-C9589CEE4524}"
EndProject
Project("{FAE04EC0-301F-11D3-BF4B-00C04F79EFBC}") = "Application", "Application\Application.csproj", "{73D23088-10FF-4C50-8315-1590261E3C2D}"
EndProject
Project("{FAE04EC0-301F-11D3-BF4B-00C04F79EFBC}") = "Tests", "Tests\Tests.csproj", "{2A4F9BEF-5E35-4234-9613-447923B18E69}"
EndProject
Global
	GlobalSection(SolutionConfigurationPlatforms) = preSolution
		Debug|Any CPU = Debug|Any CPU
		Release|Any CPU = Release|Any CPU
	EndGlobalSection
	GlobalSection(ProjectConfigurationPlatforms) = postSolution
		{DBA98C48-D8C7-48AF-8E35-53A59DC17C66}.Debug|Any CPU.ActiveCfg = Debug|Any CPU
		{DBA98C48-D8C7-48AF-8E35-53A59DC17C66}.Debug|Any CPU.Build.0 = Debug|Any CPU
		{DBA98C48-D8C7-48AF-8E35-53A59DC17C66}.Release|Any CPU.ActiveCfg = Release|Any CPU
		{DBA98C48-D8C7-48AF-8E35-53A59DC17C66}.Release|Any CPU.Build.0 = Release|Any CPU
		{2106C347-5066-4248-BCCC-E11EFA64DF9D}.Debug|Any CPU.ActiveCfg = Debug|Any CPU
		{2106C347-5066-4248-BCCC-E11EFA64DF9D}.Debug|Any CPU.Build.0 = Debug|Any CPU
		{2106C347-5066-4248-BCCC-E11EFA64DF9D}.Release|Any CPU.ActiveCfg = Release|Any CPU
		{2106C347-5066-4248-BCCC-E11EFA64DF9D}.Release|Any CPU.Build.0 = Release|Any CPU
		{A03D9BBF-259F-4FE6-A3CA-C9589CEE4524}.Debug|Any CPU.ActiveCfg = Debug|Any CPU
		{A03D9BBF-259F-4FE6-A3CA-C9589CEE4524}.Debug|Any CPU.Build.0 = Debug|Any CPU
		{A03D9BBF-259F-4FE6-A3CA-C9589CEE4524}.Release|Any CPU.ActiveCfg = Release|Any CPU
		{A03D9BBF-259F-4FE6-A3CA-C9589CEE4524}.Release|Any CPU.Build.0 = Release|Any CPU
		{73D23088-10FF-4C50-8315-1590261E3C2D}.Debug|Any CPU.ActiveCfg = Debug|Any CPU
		{73D23088-10FF-4C50-8315-1590261E3C2D}.Debug|Any CPU.Build.0 = Debug|Any CPU
		{73D23088-10FF-4C50-8315-1590261E3C2D}.Release|Any CPU.ActiveCfg = Release|Any CPU
		{73D23088-10FF-4C50-8315-1590261E3C2D}.Release|Any CPU.Build.0 = Release|Any CPU
		{2A4F9BEF-5E35-4234-9613-447923B18E69}.Debug|Any CPU.ActiveCfg = Debug|Any CPU
		{2A4F9BEF-5E35-4234-9613-447923B18E69}.Debug|Any CPU.Build.0 = Debug|Any CPU
		{2A4F9BEF-5E35-4234-9613-447923B18E69}.Release|Any CPU.ActiveCfg = Release|Any CPU
		{2A4F9BEF-5E35-4234-9613-447923B18E69}.Release|Any CPU.Build.0 = Release|Any CPU
	EndGlobalSection
	GlobalSection(SolutionProperties) = preSolution
		HideSolutionNode = FALSE
	EndGlobalSection
	GlobalSection(ExtensibilityGlobals) = postSolution
		SolutionGuid = {6EE13306-1F7F-4BF1-AD8B-0509541A6CBB}
	EndGlobalSection
EndGlobal
